
Microsoft Visual Studio Solution File, Format Version 12.00
# Visual Studio Version 16
VisualStudioVersion = 16.0.30907.101
MinimumVisualStudioVersion = 10.0.40219.1
Project("{FAE04EC0-301F-11D3-BF4B-00C04F79EFBC}") = "vortice-invalid-il", "vortice-invalid-il.csproj", "{023ADF08-BD3D-4440-BF61-7897912AB064}"
EndProject
Global
	GlobalSection(SolutionConfigurationPlatforms) = preSolution
		Debug|Any CPU = Debug|Any CPU
		Release|Any CPU = Release|Any CPU
	EndGlobalSection
	GlobalSection(ProjectConfigurationPlatforms) = postSolution
		{023ADF08-BD3D-4440-BF61-7897912AB064}.Debug|Any CPU.ActiveCfg = Debug|Any CPU
		{023ADF08-BD3D-4440-BF61-7897912AB064}.Debug|Any CPU.Build.0 = Debug|Any CPU
		{023ADF08-BD3D-4440-BF61-7897912AB064}.Release|Any CPU.ActiveCfg = Release|Any CPU
		{023ADF08-BD3D-4440-BF61-7897912AB064}.Release|Any CPU.Build.0 = Release|Any CPU
	EndGlobalSection
	GlobalSection(SolutionProperties) = preSolution
		HideSolutionNode = FALSE
	EndGlobalSection
	GlobalSection(ExtensibilityGlobals) = postSolution
		SolutionGuid = {0EB8797C-1D70-412D-9B2E-AD1C01A0A2F6}
	EndGlobalSection
EndGlobal
